
Microsoft Visual Studio Solution File, Format Version 12.00
# Visual Studio Version 16
VisualStudioVersion = 16.0.31402.337
MinimumVisualStudioVersion = 10.0.40219.1
Project("{9A19103F-16F7-4668-BE54-9A1E7A4F7556}") = "EPAM.CSCourse2016.SilkinIvan.SealkeenJSON.Parser", "EPAM.CSCourse2016.SilkinIvan.SealkeenJSON.Parser.csproj", "{092A304A-CD31-40CC-8854-ED2077A5F668}"
EndProject
Project("{9A19103F-16F7-4668-BE54-9A1E7A4F7556}") = "EPAM.CSCourse2016.ParserPerfTester.Common", "..\EPAM.CSCourse2016.ParserPerfTester.Common\EPAM.CSCourse2016.ParserPerfTester.Common.csproj", "{0E6BF52E-F4A2-4A25-AC2C-376D20B03CC6}"
EndProject
Project("{9A19103F-16F7-4668-BE54-9A1E7A4F7556}") = "QueriesTests", "..\QueriesTests\QueriesTests.csproj", "{1778CE87-F40F-4FB5-A633-0B52110D43C7}"
EndProject
Project("{FAE04EC0-301F-11D3-BF4B-00C04F79EFBC}") = "QueriesClient", "..\QueriesClient\QueriesClient.csproj", "{DA882293-1794-469C-B814-001D1B73FD20}"
EndProject
Global
	GlobalSection(SolutionConfigurationPlatforms) = preSolution
		Debug|Any CPU = Debug|Any CPU
		Release|Any CPU = Release|Any CPU
	EndGlobalSection
	GlobalSection(ProjectConfigurationPlatforms) = postSolution
		{092A304A-CD31-40CC-8854-ED2077A5F668}.Debug|Any CPU.ActiveCfg = Debug|Any CPU
		{092A304A-CD31-40CC-8854-ED2077A5F668}.Debug|Any CPU.Build.0 = Debug|Any CPU
		{092A304A-CD31-40CC-8854-ED2077A5F668}.Release|Any CPU.ActiveCfg = Release|Any CPU
		{092A304A-CD31-40CC-8854-ED2077A5F668}.Release|Any CPU.Build.0 = Release|Any CPU
		{0E6BF52E-F4A2-4A25-AC2C-376D20B03CC6}.Debug|Any CPU.ActiveCfg = Debug|Any CPU
		{0E6BF52E-F4A2-4A25-AC2C-376D20B03CC6}.Debug|Any CPU.Build.0 = Debug|Any CPU
		{0E6BF52E-F4A2-4A25-AC2C-376D20B03CC6}.Release|Any CPU.ActiveCfg = Release|Any CPU
		{0E6BF52E-F4A2-4A25-AC2C-376D20B03CC6}.Release|Any CPU.Build.0 = Release|Any CPU
		{1778CE87-F40F-4FB5-A633-0B52110D43C7}.Debug|Any CPU.ActiveCfg = Debug|Any CPU
		{1778CE87-F40F-4FB5-A633-0B52110D43C7}.Debug|Any CPU.Build.0 = Debug|Any CPU
		{1778CE87-F40F-4FB5-A633-0B52110D43C7}.Release|Any CPU.ActiveCfg = Release|Any CPU
		{1778CE87-F40F-4FB5-A633-0B52110D43C7}.Release|Any CPU.Build.0 = Release|Any CPU
		{DA882293-1794-469C-B814-001D1B73FD20}.Debug|Any CPU.ActiveCfg = Debug|Any CPU
		{DA882293-1794-469C-B814-001D1B73FD20}.Debug|Any CPU.Build.0 = Debug|Any CPU
		{DA882293-1794-469C-B814-001D1B73FD20}.Release|Any CPU.ActiveCfg = Release|Any CPU
		{DA882293-1794-469C-B814-001D1B73FD20}.Release|Any CPU.Build.0 = Release|Any CPU
	EndGlobalSection
	GlobalSection(SolutionProperties) = preSolution
		HideSolutionNode = FALSE
	EndGlobalSection
	GlobalSection(ExtensibilityGlobals) = postSolution
		SolutionGuid = {ACD9EBC8-6103-4B35-A97C-D2201E0224E1}
	EndGlobalSection
EndGlobal
